
Microsoft Visual Studio Solution File, Format Version 12.00
# Visual Studio Version 16
VisualStudioVersion = 16.0.31129.286
MinimumVisualStudioVersion = 10.0.40219.1
Project("{FAE04EC0-301F-11D3-BF4B-00C04F79EFBC}") = "ClassL10", "ClassL10\ClassL10.csproj", "{7C33B17F-E3A5-4AC2-8540-1572F8DC68AD}"
EndProject
Project("{FAE04EC0-301F-11D3-BF4B-00C04F79EFBC}") = "TestProject1", "TestProject1\TestProject1.csproj", "{3A5B8A2A-C37C-4FE4-8640-CB990C947754}"
EndProject
Global
	GlobalSection(SolutionConfigurationPlatforms) = preSolution
		Debug|Any CPU = Debug|Any CPU
		Release|Any CPU = Release|Any CPU
	EndGlobalSection
	GlobalSection(ProjectConfigurationPlatforms) = postSolution
		{7C33B17F-E3A5-4AC2-8540-1572F8DC68AD}.Debug|Any CPU.ActiveCfg = Debug|Any CPU
		{7C33B17F-E3A5-4AC2-8540-1572F8DC68AD}.Debug|Any CPU.Build.0 = Debug|Any CPU
		{7C33B17F-E3A5-4AC2-8540-1572F8DC68AD}.Release|Any CPU.ActiveCfg = Release|Any CPU
		{7C33B17F-E3A5-4AC2-8540-1572F8DC68AD}.Release|Any CPU.Build.0 = Release|Any CPU
		{3A5B8A2A-C37C-4FE4-8640-CB990C947754}.Debug|Any CPU.ActiveCfg = Debug|Any CPU
		{3A5B8A2A-C37C-4FE4-8640-CB990C947754}.Debug|Any CPU.Build.0 = Debug|Any CPU
		{3A5B8A2A-C37C-4FE4-8640-CB990C947754}.Release|Any CPU.ActiveCfg = Release|Any CPU
		{3A5B8A2A-C37C-4FE4-8640-CB990C947754}.Release|Any CPU.Build.0 = Release|Any CPU
	EndGlobalSection
	GlobalSection(SolutionProperties) = preSolution
		HideSolutionNode = FALSE
	EndGlobalSection
	GlobalSection(ExtensibilityGlobals) = postSolution
		SolutionGuid = {EA3EC025-4C7B-42D1-AB4F-763B9516D02A}
	EndGlobalSection
EndGlobal
